// !$*UTF8*$!
{
	archiveVersion = 1;
	classes = {
	};
	objectVersion = 51;
	objects = {

/* Begin PBXBuildFile section */
		CE8886C024792C2400B63652 /* AppDelegate.swift in Sources */ = {isa = PBXBuildFile; fileRef = CE8886BF24792C2400B63652 /* AppDelegate.swift */; };
		CE8886C224792C2400B63652 /* SceneDelegate.swift in Sources */ = {isa = PBXBuildFile; fileRef = CE8886C124792C2400B63652 /* SceneDelegate.swift */; };
		CE8886C424792C2400B63652 /* LoginViewController.swift in Sources */ = {isa = PBXBuildFile; fileRef = CE8886C324792C2400B63652 /* LoginViewController.swift */; };
		CE8886C724792C2400B63652 /* Main.storyboard in Resources */ = {isa = PBXBuildFile; fileRef = CE8886C524792C2400B63652 /* Main.storyboard */; };
		CE8886CA24792C2400B63652 /* Intacter.xcdatamodeld in Sources */ = {isa = PBXBuildFile; fileRef = CE8886C824792C2400B63652 /* Intacter.xcdatamodeld */; };
		CE8886CC24792C2800B63652 /* Assets.xcassets in Resources */ = {isa = PBXBuildFile; fileRef = CE8886CB24792C2800B63652 /* Assets.xcassets */; };
		CE8886CF24792C2800B63652 /* LaunchScreen.storyboard in Resources */ = {isa = PBXBuildFile; fileRef = CE8886CD24792C2800B63652 /* LaunchScreen.storyboard */; };
		CE8886DB24792E3B00B63652 /* Utils.swift in Sources */ = {isa = PBXBuildFile; fileRef = CE8886DA24792E3B00B63652 /* Utils.swift */; };
		CE8886DE24792EE600B63652 /* loginProtocol.swift in Sources */ = {isa = PBXBuildFile; fileRef = CE8886DD24792EE600B63652 /* loginProtocol.swift */; };
		CE8886E02479300100B63652 /* LoginPresenter.swift in Sources */ = {isa = PBXBuildFile; fileRef = CE8886DF2479300100B63652 /* LoginPresenter.swift */; };
		CE8886E7247933BC00B63652 /* GeneralLoading.swift in Sources */ = {isa = PBXBuildFile; fileRef = CE8886E6247933BC00B63652 /* GeneralLoading.swift */; };
		CE8886EA24793A4E00B63652 /* SharePreference.swift in Sources */ = {isa = PBXBuildFile; fileRef = CE8886E924793A4E00B63652 /* SharePreference.swift */; };
		CE8886ED24793ABD00B63652 /* User.swift in Sources */ = {isa = PBXBuildFile; fileRef = CE8886EC24793ABD00B63652 /* User.swift */; };
		CE8886F42479835000B63652 /* RequestCore.swift in Sources */ = {isa = PBXBuildFile; fileRef = CE8886F22479835000B63652 /* RequestCore.swift */; };
		CE8886F62479845E00B63652 /* CoreDataStack.swift in Sources */ = {isa = PBXBuildFile; fileRef = CE8886F52479845E00B63652 /* CoreDataStack.swift */; };
		CE8886F92479DB3B00B63652 /* loadingExtensions.swift in Sources */ = {isa = PBXBuildFile; fileRef = CE8886F82479DB3B00B63652 /* loadingExtensions.swift */; };
		CE8886FB2479E16200B63652 /* ContainerVC.swift in Sources */ = {isa = PBXBuildFile; fileRef = CE8886FA2479E16200B63652 /* ContainerVC.swift */; };
		CE8886FD2479E7AE00B63652 /* SideMenuVCTableViewController.swift in Sources */ = {isa = PBXBuildFile; fileRef = CE8886FC2479E7AE00B63652 /* SideMenuVCTableViewController.swift */; };
		CE888700247AB20200B63652 /* MenuVC.swift in Sources */ = {isa = PBXBuildFile; fileRef = CE8886FF247AB20200B63652 /* MenuVC.swift */; };
		DFCB02FD4093EF7A87557CC2 /* Pods_Intacter.framework in Frameworks */ = {isa = PBXBuildFile; fileRef = 182AF31C9F55F0097062D984 /* Pods_Intacter.framework */; };
/* End PBXBuildFile section */

/* Begin PBXFileReference section */
		182AF31C9F55F0097062D984 /* Pods_Intacter.framework */ = {isa = PBXFileReference; explicitFileType = wrapper.framework; includeInIndex = 0; path = Pods_Intacter.framework; sourceTree = BUILT_PRODUCTS_DIR; };
		CE8886BC24792C2400B63652 /* Intacter.app */ = {isa = PBXFileReference; explicitFileType = wrapper.application; includeInIndex = 0; path = Intacter.app; sourceTree = BUILT_PRODUCTS_DIR; };
		CE8886BF24792C2400B63652 /* AppDelegate.swift */ = {isa = PBXFileReference; lastKnownFileType = sourcecode.swift; path = AppDelegate.swift; sourceTree = "<group>"; };
		CE8886C124792C2400B63652 /* SceneDelegate.swift */ = {isa = PBXFileReference; lastKnownFileType = sourcecode.swift; path = SceneDelegate.swift; sourceTree = "<group>"; };
		CE8886C324792C2400B63652 /* LoginViewController.swift */ = {isa = PBXFileReference; lastKnownFileType = sourcecode.swift; path = LoginViewController.swift; sourceTree = "<group>"; };
		CE8886C624792C2400B63652 /* Base */ = {isa = PBXFileReference; lastKnownFileType = file.storyboard; name = Base; path = Base.lproj/Main.storyboard; sourceTree = "<group>"; };
		CE8886C924792C2400B63652 /* Intacter.xcdatamodel */ = {isa = PBXFileReference; lastKnownFileType = wrapper.xcdatamodel; path = Intacter.xcdatamodel; sourceTree = "<group>"; };
		CE8886CB24792C2800B63652 /* Assets.xcassets */ = {isa = PBXFileReference; lastKnownFileType = folder.assetcatalog; path = Assets.xcassets; sourceTree = "<group>"; };
		CE8886CE24792C2800B63652 /* Base */ = {isa = PBXFileReference; lastKnownFileType = file.storyboard; name = Base; path = Base.lproj/LaunchScreen.storyboard; sourceTree = "<group>"; };
		CE8886D024792C2800B63652 /* Info.plist */ = {isa = PBXFileReference; lastKnownFileType = text.plist.xml; path = Info.plist; sourceTree = "<group>"; };
		CE8886DA24792E3B00B63652 /* Utils.swift */ = {isa = PBXFileReference; lastKnownFileType = sourcecode.swift; path = Utils.swift; sourceTree = "<group>"; };
		CE8886DD24792EE600B63652 /* loginProtocol.swift */ = {isa = PBXFileReference; lastKnownFileType = sourcecode.swift; path = loginProtocol.swift; sourceTree = "<group>"; };
		CE8886DF2479300100B63652 /* LoginPresenter.swift */ = {isa = PBXFileReference; lastKnownFileType = sourcecode.swift; path = LoginPresenter.swift; sourceTree = "<group>"; };
		CE8886E6247933BC00B63652 /* GeneralLoading.swift */ = {isa = PBXFileReference; lastKnownFileType = sourcecode.swift; path = GeneralLoading.swift; sourceTree = "<group>"; };
		CE8886E924793A4E00B63652 /* SharePreference.swift */ = {isa = PBXFileReference; lastKnownFileType = sourcecode.swift; path = SharePreference.swift; sourceTree = "<group>"; };
		CE8886EC24793ABD00B63652 /* User.swift */ = {isa = PBXFileReference; lastKnownFileType = sourcecode.swift; path = User.swift; sourceTree = "<group>"; };
		CE8886F22479835000B63652 /* RequestCore.swift */ = {isa = PBXFileReference; fileEncoding = 4; lastKnownFileType = sourcecode.swift; path = RequestCore.swift; sourceTree = "<group>"; };
		CE8886F52479845E00B63652 /* CoreDataStack.swift */ = {isa = PBXFileReference; lastKnownFileType = sourcecode.swift; path = CoreDataStack.swift; sourceTree = "<group>"; };
		CE8886F82479DB3B00B63652 /* loadingExtensions.swift */ = {isa = PBXFileReference; lastKnownFileType = sourcecode.swift; path = loadingExtensions.swift; sourceTree = "<group>"; };
		CE8886FA2479E16200B63652 /* ContainerVC.swift */ = {isa = PBXFileReference; lastKnownFileType = sourcecode.swift; path = ContainerVC.swift; sourceTree = "<group>"; };
		CE8886FC2479E7AE00B63652 /* SideMenuVCTableViewController.swift */ = {isa = PBXFileReference; lastKnownFileType = sourcecode.swift; path = SideMenuVCTableViewController.swift; sourceTree = "<group>"; };
		CE8886FF247AB20200B63652 /* MenuVC.swift */ = {isa = PBXFileReference; lastKnownFileType = sourcecode.swift; path = MenuVC.swift; sourceTree = "<group>"; };
		E0A9EBB6F0F47502C656B353 /* Pods-Intacter.release.xcconfig */ = {isa = PBXFileReference; includeInIndex = 1; lastKnownFileType = text.xcconfig; name = "Pods-Intacter.release.xcconfig"; path = "Target Support Files/Pods-Intacter/Pods-Intacter.release.xcconfig"; sourceTree = "<group>"; };
		E663D67744F8158FC80B72CC /* Pods-Intacter.debug.xcconfig */ = {isa = PBXFileReference; includeInIndex = 1; lastKnownFileType = text.xcconfig; name = "Pods-Intacter.debug.xcconfig"; path = "Target Support Files/Pods-Intacter/Pods-Intacter.debug.xcconfig"; sourceTree = "<group>"; };
/* End PBXFileReference section */

/* Begin PBXFrameworksBuildPhase section */
		CE8886B924792C2400B63652 /* Frameworks */ = {
			isa = PBXFrameworksBuildPhase;
			buildActionMask = 2147483647;
			files = (
				DFCB02FD4093EF7A87557CC2 /* Pods_Intacter.framework in Frameworks */,
			);
			runOnlyForDeploymentPostprocessing = 0;
		};
/* End PBXFrameworksBuildPhase section */

/* Begin PBXGroup section */
		802B0FED6442C32AEBD8E641 /* Frameworks */ = {
			isa = PBXGroup;
			children = (
				182AF31C9F55F0097062D984 /* Pods_Intacter.framework */,
			);
			name = Frameworks;
			sourceTree = "<group>";
		};
		B92F7459397490CD21668024 /* Pods */ = {
			isa = PBXGroup;
			children = (
				E663D67744F8158FC80B72CC /* Pods-Intacter.debug.xcconfig */,
				E0A9EBB6F0F47502C656B353 /* Pods-Intacter.release.xcconfig */,
			);
			path = Pods;
			sourceTree = "<group>";
		};
		CE8886B324792C2400B63652 = {
			isa = PBXGroup;
			children = (
				CE8886BE24792C2400B63652 /* Intacter */,
				CE8886BD24792C2400B63652 /* Products */,
				B92F7459397490CD21668024 /* Pods */,
				802B0FED6442C32AEBD8E641 /* Frameworks */,
			);
			sourceTree = "<group>";
		};
		CE8886BD24792C2400B63652 /* Products */ = {
			isa = PBXGroup;
			children = (
				CE8886BC24792C2400B63652 /* Intacter.app */,
			);
			name = Products;
			sourceTree = "<group>";
		};
		CE8886BE24792C2400B63652 /* Intacter */ = {
			isa = PBXGroup;
			children = (
				CE8886E32479331500B63652 /* presenter */,
				CE8886D024792C2800B63652 /* Info.plist */,
				CE8886D924792DF100B63652 /* view */,
				CE8886D824792DD700B63652 /* controller */,
				CE8886D724792DCD00B63652 /* model */,
				CE8886D624792DA400B63652 /* utils */,
			);
			path = Intacter;
			sourceTree = "<group>";
		};
		CE8886D624792DA400B63652 /* utils */ = {
			isa = PBXGroup;
			children = (
				CE8886F72479DB1900B63652 /* extension */,
				CE8886DA24792E3B00B63652 /* Utils.swift */,
				CE8886F52479845E00B63652 /* CoreDataStack.swift */,
			);
			path = utils;
			sourceTree = "<group>";
		};
		CE8886D724792DCD00B63652 /* model */ = {
			isa = PBXGroup;
			children = (
				CE8886F0247981BC00B63652 /* coreEntity */,
				CE8886EB24793A6700B63652 /* entity */,
				CE8886E824793A2F00B63652 /* db */,
				CE8886C824792C2400B63652 /* Intacter.xcdatamodeld */,
			);
			path = model;
			sourceTree = "<group>";
		};
		CE8886D824792DD700B63652 /* controller */ = {
			isa = PBXGroup;
			children = (
				CE8886FE247AB1DD00B63652 /* menu */,
				CE8886C324792C2400B63652 /* LoginViewController.swift */,
				CE8886FA2479E16200B63652 /* ContainerVC.swift */,
				CE8886FC2479E7AE00B63652 /* SideMenuVCTableViewController.swift */,
			);
			path = controller;
			sourceTree = "<group>";
		};
		CE8886D924792DF100B63652 /* view */ = {
			isa = PBXGroup;
			children = (
				CE8886BF24792C2400B63652 /* AppDelegate.swift */,
				CE8886C124792C2400B63652 /* SceneDelegate.swift */,
				CE8886C524792C2400B63652 /* Main.storyboard */,
				CE8886CB24792C2800B63652 /* Assets.xcassets */,
				CE8886CD24792C2800B63652 /* LaunchScreen.storyboard */,
			);
			path = view;
			sourceTree = "<group>";
		};
		CE8886DC24792EB500B63652 /* protocolView */ = {
			isa = PBXGroup;
			children = (
				CE8886DD24792EE600B63652 /* loginProtocol.swift */,
				CE8886E6247933BC00B63652 /* GeneralLoading.swift */,
			);
			path = protocolView;
			sourceTree = "<group>";
		};
		CE8886E32479331500B63652 /* presenter */ = {
			isa = PBXGroup;
			children = (
				CE8886DC24792EB500B63652 /* protocolView */,
				CE8886DF2479300100B63652 /* LoginPresenter.swift */,
			);
			path = presenter;
			sourceTree = "<group>";
		};
		CE8886E824793A2F00B63652 /* db */ = {
			isa = PBXGroup;
			children = (
				CE8886E924793A4E00B63652 /* SharePreference.swift */,
			);
			path = db;
			sourceTree = "<group>";
		};
		CE8886EB24793A6700B63652 /* entity */ = {
			isa = PBXGroup;
			children = (
				CE8886EC24793ABD00B63652 /* User.swift */,
			);
			path = entity;
			sourceTree = "<group>";
		};
		CE8886F0247981BC00B63652 /* coreEntity */ = {
			isa = PBXGroup;
			children = (
				CE8886F22479835000B63652 /* RequestCore.swift */,
			);
			path = coreEntity;
			sourceTree = "<group>";
		};
		CE8886F72479DB1900B63652 /* extension */ = {
			isa = PBXGroup;
			children = (
				CE8886F82479DB3B00B63652 /* loadingExtensions.swift */,
			);
			path = extension;
			sourceTree = "<group>";
		};
		CE8886FE247AB1DD00B63652 /* menu */ = {
			isa = PBXGroup;
			children = (
				CE8886FF247AB20200B63652 /* MenuVC.swift */,
			);
			path = menu;
			sourceTree = "<group>";
		};
/* End PBXGroup section */

/* Begin PBXNativeTarget section */
		CE8886BB24792C2400B63652 /* Intacter */ = {
			isa = PBXNativeTarget;
			buildConfigurationList = CE8886D324792C2800B63652 /* Build configuration list for PBXNativeTarget "Intacter" */;
			buildPhases = (
				DCF970D3BA938A278A6B5A02 /* [CP] Check Pods Manifest.lock */,
				CE8886B824792C2400B63652 /* Sources */,
				CE8886B924792C2400B63652 /* Frameworks */,
				CE8886BA24792C2400B63652 /* Resources */,
				DB34F2E53FB691CE90BEC9B7 /* [CP] Embed Pods Frameworks */,
			);
			buildRules = (
			);
			dependencies = (
			);
			name = Intacter;
			productName = Intacter;
			productReference = CE8886BC24792C2400B63652 /* Intacter.app */;
			productType = "com.apple.product-type.application";
		};
/* End PBXNativeTarget section */

/* Begin PBXProject section */
		CE8886B424792C2400B63652 /* Project object */ = {
			isa = PBXProject;
			attributes = {
				LastSwiftUpdateCheck = 1150;
				LastUpgradeCheck = 1150;
				ORGANIZATIONNAME = "Muraino Yakubu";
				TargetAttributes = {
					CE8886BB24792C2400B63652 = {
						CreatedOnToolsVersion = 11.5;
					};
				};
			};
			buildConfigurationList = CE8886B724792C2400B63652 /* Build configuration list for PBXProject "Intacter" */;
			compatibilityVersion = "Xcode 9.3";
			developmentRegion = en;
			hasScannedForEncodings = 0;
			knownRegions = (
				en,
				Base,
			);
			mainGroup = CE8886B324792C2400B63652;
			productRefGroup = CE8886BD24792C2400B63652 /* Products */;
			projectDirPath = "";
			projectRoot = "";
			targets = (
				CE8886BB24792C2400B63652 /* Intacter */,
			);
		};
/* End PBXProject section */

/* Begin PBXResourcesBuildPhase section */
		CE8886BA24792C2400B63652 /* Resources */ = {
			isa = PBXResourcesBuildPhase;
			buildActionMask = 2147483647;
			files = (
				CE8886CF24792C2800B63652 /* LaunchScreen.storyboard in Resources */,
				CE8886CC24792C2800B63652 /* Assets.xcassets in Resources */,
				CE8886C724792C2400B63652 /* Main.storyboard in Resources */,
			);
			runOnlyForDeploymentPostprocessing = 0;
		};
/* End PBXResourcesBuildPhase section */

/* Begin PBXShellScriptBuildPhase section */
		DB34F2E53FB691CE90BEC9B7 /* [CP] Embed Pods Frameworks */ = {
			isa = PBXShellScriptBuildPhase;
			buildActionMask = 2147483647;
			files = (
			);
			inputFileListPaths = (
				"${PODS_ROOT}/Target Support Files/Pods-Intacter/Pods-Intacter-frameworks-${CONFIGURATION}-input-files.xcfilelist",
			);
			name = "[CP] Embed Pods Frameworks";
			outputFileListPaths = (
				"${PODS_ROOT}/Target Support Files/Pods-Intacter/Pods-Intacter-frameworks-${CONFIGURATION}-output-files.xcfilelist",
			);
			runOnlyForDeploymentPostprocessing = 0;
			shellPath = /bin/sh;
			shellScript = "\"${PODS_ROOT}/Target Support Files/Pods-Intacter/Pods-Intacter-frameworks.sh\"\n";
			showEnvVarsInLog = 0;
		};
		DCF970D3BA938A278A6B5A02 /* [CP] Check Pods Manifest.lock */ = {
			isa = PBXShellScriptBuildPhase;
			buildActionMask = 2147483647;
			files = (
			);
			inputFileListPaths = (
			);
			inputPaths = (
				"${PODS_PODFILE_DIR_PATH}/Podfile.lock",
				"${PODS_ROOT}/Manifest.lock",
			);
			name = "[CP] Check Pods Manifest.lock";
			outputFileListPaths = (
			);
			outputPaths = (
				"$(DERIVED_FILE_DIR)/Pods-Intacter-checkManifestLockResult.txt",
			);
			runOnlyForDeploymentPostprocessing = 0;
			shellPath = /bin/sh;
			shellScript = "diff \"${PODS_PODFILE_DIR_PATH}/Podfile.lock\" \"${PODS_ROOT}/Manifest.lock\" > /dev/null\nif [ $? != 0 ] ; then\n    # print error to STDERR\n    echo \"error: The sandbox is not in sync with the Podfile.lock. Run 'pod install' or update your CocoaPods installation.\" >&2\n    exit 1\nfi\n# This output is used by Xcode 'outputs' to avoid re-running this script phase.\necho \"SUCCESS\" > \"${SCRIPT_OUTPUT_FILE_0}\"\n";
			showEnvVarsInLog = 0;
		};
/* End PBXShellScriptBuildPhase section */

/* Begin PBXSourcesBuildPhase section */
		CE8886B824792C2400B63652 /* Sources */ = {
			isa = PBXSourcesBuildPhase;
			buildActionMask = 2147483647;
			files = (
				CE8886F92479DB3B00B63652 /* loadingExtensions.swift in Sources */,
				CE8886FD2479E7AE00B63652 /* SideMenuVCTableViewController.swift in Sources */,
				CE8886DB24792E3B00B63652 /* Utils.swift in Sources */,
				CE8886C424792C2400B63652 /* LoginViewController.swift in Sources */,
				CE8886E02479300100B63652 /* LoginPresenter.swift in Sources */,
				CE888700247AB20200B63652 /* MenuVC.swift in Sources */,
				CE8886F62479845E00B63652 /* CoreDataStack.swift in Sources */,
				CE8886EA24793A4E00B63652 /* SharePreference.swift in Sources */,
				CE8886E7247933BC00B63652 /* GeneralLoading.swift in Sources */,
				CE8886C024792C2400B63652 /* AppDelegate.swift in Sources */,
				CE8886FB2479E16200B63652 /* ContainerVC.swift in Sources */,
				CE8886C224792C2400B63652 /* SceneDelegate.swift in Sources */,
				CE8886F42479835000B63652 /* RequestCore.swift in Sources */,
				CE8886CA24792C2400B63652 /* Intacter.xcdatamodeld in Sources */,
				CE8886ED24793ABD00B63652 /* User.swift in Sources */,
				CE8886DE24792EE600B63652 /* loginProtocol.swift in Sources */,
			);
			runOnlyForDeploymentPostprocessing = 0;
		};
/* End PBXSourcesBuildPhase section */

/* Begin PBXVariantGroup section */
		CE8886C524792C2400B63652 /* Main.storyboard */ = {
			isa = PBXVariantGroup;
			children = (
				CE8886C624792C2400B63652 /* Base */,
			);
			name = Main.storyboard;
			sourceTree = "<group>";
		};
		CE8886CD24792C2800B63652 /* LaunchScreen.storyboard */ = {
			isa = PBXVariantGroup;
			children = (
				CE8886CE24792C2800B63652 /* Base */,
			);
			name = LaunchScreen.storyboard;
			sourceTree = "<group>";
		};
/* End PBXVariantGroup section */

/* Begin XCBuildConfiguration section */
		CE8886D124792C2800B63652 /* Debug */ = {
			isa = XCBuildConfiguration;
			buildSettings = {
				ALWAYS_SEARCH_USER_PATHS = NO;
				CLANG_ANALYZER_NONNULL = YES;
				CLANG_ANALYZER_NUMBER_OBJECT_CONVERSION = YES_AGGRESSIVE;
				CLANG_CXX_LANGUAGE_STANDARD = "gnu++14";
				CLANG_CXX_LIBRARY = "libc++";
				CLANG_ENABLE_MODULES = YES;
				CLANG_ENABLE_OBJC_ARC = YES;
				CLANG_ENABLE_OBJC_WEAK = YES;
				CLANG_WARN_BLOCK_CAPTURE_AUTORELEASING = YES;
				CLANG_WARN_BOOL_CONVERSION = YES;
				CLANG_WARN_COMMA = YES;
				CLANG_WARN_CONSTANT_CONVERSION = YES;
				CLANG_WARN_DEPRECATED_OBJC_IMPLEMENTATIONS = YES;
				CLANG_WARN_DIRECT_OBJC_ISA_USAGE = YES_ERROR;
				CLANG_WARN_DOCUMENTATION_COMMENTS = YES;
				CLANG_WARN_EMPTY_BODY = YES;
				CLANG_WARN_ENUM_CONVERSION = YES;
				CLANG_WARN_INFINITE_RECURSION = YES;
				CLANG_WARN_INT_CONVERSION = YES;
				CLANG_WARN_NON_LITERAL_NULL_CONVERSION = YES;
				CLANG_WARN_OBJC_IMPLICIT_RETAIN_SELF = YES;
				CLANG_WARN_OBJC_LITERAL_CONVERSION = YES;
				CLANG_WARN_OBJC_ROOT_CLASS = YES_ERROR;
				CLANG_WARN_RANGE_LOOP_ANALYSIS = YES;
				CLANG_WARN_STRICT_PROTOTYPES = YES;
				CLANG_WARN_SUSPICIOUS_MOVE = YES;
				CLANG_WARN_UNGUARDED_AVAILABILITY = YES_AGGRESSIVE;
				CLANG_WARN_UNREACHABLE_CODE = YES;
				CLANG_WARN__DUPLICATE_METHOD_MATCH = YES;
				COPY_PHASE_STRIP = NO;
				DEBUG_INFORMATION_FORMAT = dwarf;
				ENABLE_STRICT_OBJC_MSGSEND = YES;
				ENABLE_TESTABILITY = YES;
				GCC_C_LANGUAGE_STANDARD = gnu11;
				GCC_DYNAMIC_NO_PIC = NO;
				GCC_NO_COMMON_BLOCKS = YES;
				GCC_OPTIMIZATION_LEVEL = 0;
				GCC_PREPROCESSOR_DEFINITIONS = (
					"DEBUG=1",
					"$(inherited)",
				);
				GCC_WARN_64_TO_32_BIT_CONVERSION = YES;
				GCC_WARN_ABOUT_RETURN_TYPE = YES_ERROR;
				GCC_WARN_UNDECLARED_SELECTOR = YES;
				GCC_WARN_UNINITIALIZED_AUTOS = YES_AGGRESSIVE;
				GCC_WARN_UNUSED_FUNCTION = YES;
				GCC_WARN_UNUSED_VARIABLE = YES;
				IPHONEOS_DEPLOYMENT_TARGET = 13.5;
				MTL_ENABLE_DEBUG_INFO = INCLUDE_SOURCE;
				MTL_FAST_MATH = YES;
				ONLY_ACTIVE_ARCH = YES;
				SDKROOT = iphoneos;
				SWIFT_ACTIVE_COMPILATION_CONDITIONS = DEBUG;
				SWIFT_OPTIMIZATION_LEVEL = "-Onone";
			};
			name = Debug;
		};
		CE8886D224792C2800B63652 /* Release */ = {
			isa = XCBuildConfiguration;
			buildSettings = {
				ALWAYS_SEARCH_USER_PATHS = NO;
				CLANG_ANALYZER_NONNULL = YES;
				CLANG_ANALYZER_NUMBER_OBJECT_CONVERSION = YES_AGGRESSIVE;
				CLANG_CXX_LANGUAGE_STANDARD = "gnu++14";
				CLANG_CXX_LIBRARY = "libc++";
				CLANG_ENABLE_MODULES = YES;
				CLANG_ENABLE_OBJC_ARC = YES;
				CLANG_ENABLE_OBJC_WEAK = YES;
				CLANG_WARN_BLOCK_CAPTURE_AUTORELEASING = YES;
				CLANG_WARN_BOOL_CONVERSION = YES;
				CLANG_WARN_COMMA = YES;
				CLANG_WARN_CONSTANT_CONVERSION = YES;
				CLANG_WARN_DEPRECATED_OBJC_IMPLEMENTATIONS = YES;
				CLANG_WARN_DIRECT_OBJC_ISA_USAGE = YES_ERROR;
				CLANG_WARN_DOCUMENTATION_COMMENTS = YES;
				CLANG_WARN_EMPTY_BODY = YES;
				CLANG_WARN_ENUM_CONVERSION = YES;
				CLANG_WARN_INFINITE_RECURSION = YES;
				CLANG_WARN_INT_CONVERSION = YES;
				CLANG_WARN_NON_LITERAL_NULL_CONVERSION = YES;
				CLANG_WARN_OBJC_IMPLICIT_RETAIN_SELF = YES;
				CLANG_WARN_OBJC_LITERAL_CONVERSION = YES;
				CLANG_WARN_OBJC_ROOT_CLASS = YES_ERROR;
				CLANG_WARN_RANGE_LOOP_ANALYSIS = YES;
				CLANG_WARN_STRICT_PROTOTYPES = YES;
				CLANG_WARN_SUSPICIOUS_MOVE = YES;
				CLANG_WARN_UNGUARDED_AVAILABILITY = YES_AGGRESSIVE;
				CLANG_WARN_UNREACHABLE_CODE = YES;
				CLANG_WARN__DUPLICATE_METHOD_MATCH = YES;
				COPY_PHASE_STRIP = NO;
				DEBUG_INFORMATION_FORMAT = "dwarf-with-dsym";
				ENABLE_NS_ASSERTIONS = NO;
				ENABLE_STRICT_OBJC_MSGSEND = YES;
				GCC_C_LANGUAGE_STANDARD = gnu11;
				GCC_NO_COMMON_BLOCKS = YES;
				GCC_WARN_64_TO_32_BIT_CONVERSION = YES;
				GCC_WARN_ABOUT_RETURN_TYPE = YES_ERROR;
				GCC_WARN_UNDECLARED_SELECTOR = YES;
				GCC_WARN_UNINITIALIZED_AUTOS = YES_AGGRESSIVE;
				GCC_WARN_UNUSED_FUNCTION = YES;
				GCC_WARN_UNUSED_VARIABLE = YES;
				IPHONEOS_DEPLOYMENT_TARGET = 13.5;
				MTL_ENABLE_DEBUG_INFO = NO;
				MTL_FAST_MATH = YES;
				SDKROOT = iphoneos;
				SWIFT_COMPILATION_MODE = wholemodule;
				SWIFT_OPTIMIZATION_LEVEL = "-O";
				VALIDATE_PRODUCT = YES;
			};
			name = Release;
		};
		CE8886D424792C2800B63652 /* Debug */ = {
			isa = XCBuildConfiguration;
			baseConfigurationReference = E663D67744F8158FC80B72CC /* Pods-Intacter.debug.xcconfig */;
			buildSettings = {
				ASSETCATALOG_COMPILER_APPICON_NAME = AppIcon;
				CODE_SIGN_STYLE = Automatic;
				DEVELOPMENT_TEAM = C36BWUMHD2;
				INFOPLIST_FILE = Intacter/Info.plist;
				LD_RUNPATH_SEARCH_PATHS = (
					"$(inherited)",
					"@executable_path/Frameworks",
				);
				PRODUCT_BUNDLE_IDENTIFIER = com.muryno.Intacter;
				PRODUCT_NAME = "$(TARGET_NAME)";
				SWIFT_VERSION = 5.0;
				TARGETED_DEVICE_FAMILY = "1,2";
			};
			name = Debug;
		};
		CE8886D524792C2800B63652 /* Release */ = {
			isa = XCBuildConfiguration;
			baseConfigurationReference = E0A9EBB6F0F47502C656B353 /* Pods-Intacter.release.xcconfig */;
			buildSettings = {
				ASSETCATALOG_COMPILER_APPICON_NAME = AppIcon;
				CODE_SIGN_STYLE = Automatic;
				DEVELOPMENT_TEAM = C36BWUMHD2;
				INFOPLIST_FILE = Intacter/Info.plist;
				LD_RUNPATH_SEARCH_PATHS = (
					"$(inherited)",
					"@executable_path/Frameworks",
				);
				PRODUCT_BUNDLE_IDENTIFIER = com.muryno.Intacter;
				PRODUCT_NAME = "$(TARGET_NAME)";
				SWIFT_VERSION = 5.0;
				TARGETED_DEVICE_FAMILY = "1,2";
			};
			name = Release;
		};
/* End XCBuildConfiguration section */

/* Begin XCConfigurationList section */
		CE8886B724792C2400B63652 /* Build configuration list for PBXProject "Intacter" */ = {
			isa = XCConfigurationList;
			buildConfigurations = (
				CE8886D124792C2800B63652 /* Debug */,
				CE8886D224792C2800B63652 /* Release */,
			);
			defaultConfigurationIsVisible = 0;
			defaultConfigurationName = Release;
		};
		CE8886D324792C2800B63652 /* Build configuration list for PBXNativeTarget "Intacter" */ = {
			isa = XCConfigurationList;
			buildConfigurations = (
				CE8886D424792C2800B63652 /* Debug */,
				CE8886D524792C2800B63652 /* Release */,
			);
			defaultConfigurationIsVisible = 0;
			defaultConfigurationName = Release;
		};
/* End XCConfigurationList section */

/* Begin XCVersionGroup section */
		CE8886C824792C2400B63652 /* Intacter.xcdatamodeld */ = {
			isa = XCVersionGroup;
			children = (
				CE8886C924792C2400B63652 /* Intacter.xcdatamodel */,
			);
			currentVersion = CE8886C924792C2400B63652 /* Intacter.xcdatamodel */;
			path = Intacter.xcdatamodeld;
			sourceTree = "<group>";
			versionGroupType = wrapper.xcdatamodel;
		};
/* End XCVersionGroup section */
	};
	rootObject = CE8886B424792C2400B63652 /* Project object */;
}
